
Microsoft Visual Studio Solution File, Format Version 12.00
Project("{FAE04EC0-301F-11D3-BF4B-00C04F79EFBC}") = "01.Components.Anatomy", "01.Components.Anatomy\01.Components.Anatomy.csproj", "{14DEF13E-2ADF-40B0-B82E-BA36BC8B4151}"
EndProject
Project("{FAE04EC0-301F-11D3-BF4B-00C04F79EFBC}") = "02.Components.Composition", "02.Components.Composition\02.Components.Composition.csproj", "{4B88ABE9-7777-4AB9-AA58-2E88DD949F1D}"
EndProject
Project("{FAE04EC0-301F-11D3-BF4B-00C04F79EFBC}") = "Blazor.Diagnostics", "Blazor.Diagnostics\Blazor.Diagnostics.csproj", "{26321F5F-31BD-48C1-AE55-F88F98E32BBC}"
EndProject
Project("{FAE04EC0-301F-11D3-BF4B-00C04F79EFBC}") = "03.Components.CallbackPayloads", "03.Components.CallbackPayloads\03.Components.CallbackPayloads.csproj", "{13508B45-3951-4DB2-9DAB-57C47400A4F7}"
EndProject
Project("{FAE04EC0-301F-11D3-BF4B-00C04F79EFBC}") = "04.Components.DeepNestingAndSiblings", "04.Components.DeepNestingAndSiblings\04.Components.DeepNestingAndSiblings.csproj", "{C2056A16-A6C8-4E3A-84F2-EA6A20819387}"
EndProject
Project("{FAE04EC0-301F-11D3-BF4B-00C04F79EFBC}") = "05.StateManagement.StateContainer", "05.StateManagement.StateContainer\05.StateManagement.StateContainer.csproj", "{CE0563F6-7803-4545-8618-94154DC5F489}"
EndProject
Project("{FAE04EC0-301F-11D3-BF4B-00C04F79EFBC}") = "06.StateManagement.StoreReducer", "06.StateManagement.StoreReducer\06.StateManagement.StoreReducer.csproj", "{7AD5D455-210E-4627-8B63-84ACECFF2C09}"
EndProject
Project("{FAE04EC0-301F-11D3-BF4B-00C04F79EFBC}") = "07.StateManagement.Fluxor", "07.StateManagement.Fluxor\07.StateManagement.Fluxor.csproj", "{D79910C7-CC07-46A7-9FAC-85097A926474}"
EndProject
Project("{FAE04EC0-301F-11D3-BF4B-00C04F79EFBC}") = "08.StateManagement.StoreGovernor", "08.StateManagement.StoreGovernor\08.StateManagement.StoreGovernor.csproj", "{F391AFCC-6BD2-4E62-9FBC-8477BB21CEC9}"
EndProject
Project("{FAE04EC0-301F-11D3-BF4B-00C04F79EFBC}") = "09.Components.Lifecycle", "09.Components.Lifecycle\09.Components.Lifecycle.csproj", "{FB3D0D90-FDD6-4FF0-9C58-40283038A470}"
EndProject
Project("{FAE04EC0-301F-11D3-BF4B-00C04F79EFBC}") = "10.StateManagement.Effects", "10.StateManagement.Effects\10.StateManagement.Effects.csproj", "{5B21B997-ADDC-4963-BAB5-C92DFA7EB8A8}"
EndProject
Project("{FAE04EC0-301F-11D3-BF4B-00C04F79EFBC}") = "11.StateManagement.SharedState", "11.StateManagement.SharedState\11.StateManagement.SharedState.csproj", "{574D3BFB-498F-4BF3-BBCE-2735C9EFFFD4}"
EndProject
Project("{FAE04EC0-301F-11D3-BF4B-00C04F79EFBC}") = "SyncAsyncSequentialConcurrent", "SyncAsyncSequentialConcurrent\SyncAsyncSequentialConcurrent.csproj", "{453E33DE-EFE8-47D2-B5DF-D30E7AF81D95}"
EndProject
Global
	GlobalSection(SolutionConfigurationPlatforms) = preSolution
		Debug|Any CPU = Debug|Any CPU
		Release|Any CPU = Release|Any CPU
	EndGlobalSection
	GlobalSection(ProjectConfigurationPlatforms) = postSolution
		{14DEF13E-2ADF-40B0-B82E-BA36BC8B4151}.Debug|Any CPU.ActiveCfg = Debug|Any CPU
		{14DEF13E-2ADF-40B0-B82E-BA36BC8B4151}.Debug|Any CPU.Build.0 = Debug|Any CPU
		{14DEF13E-2ADF-40B0-B82E-BA36BC8B4151}.Release|Any CPU.ActiveCfg = Release|Any CPU
		{14DEF13E-2ADF-40B0-B82E-BA36BC8B4151}.Release|Any CPU.Build.0 = Release|Any CPU
		{4B88ABE9-7777-4AB9-AA58-2E88DD949F1D}.Debug|Any CPU.ActiveCfg = Debug|Any CPU
		{4B88ABE9-7777-4AB9-AA58-2E88DD949F1D}.Debug|Any CPU.Build.0 = Debug|Any CPU
		{4B88ABE9-7777-4AB9-AA58-2E88DD949F1D}.Release|Any CPU.ActiveCfg = Release|Any CPU
		{4B88ABE9-7777-4AB9-AA58-2E88DD949F1D}.Release|Any CPU.Build.0 = Release|Any CPU
		{26321F5F-31BD-48C1-AE55-F88F98E32BBC}.Debug|Any CPU.ActiveCfg = Debug|Any CPU
		{26321F5F-31BD-48C1-AE55-F88F98E32BBC}.Debug|Any CPU.Build.0 = Debug|Any CPU
		{26321F5F-31BD-48C1-AE55-F88F98E32BBC}.Release|Any CPU.ActiveCfg = Release|Any CPU
		{26321F5F-31BD-48C1-AE55-F88F98E32BBC}.Release|Any CPU.Build.0 = Release|Any CPU
		{13508B45-3951-4DB2-9DAB-57C47400A4F7}.Debug|Any CPU.ActiveCfg = Debug|Any CPU
		{13508B45-3951-4DB2-9DAB-57C47400A4F7}.Debug|Any CPU.Build.0 = Debug|Any CPU
		{13508B45-3951-4DB2-9DAB-57C47400A4F7}.Release|Any CPU.ActiveCfg = Release|Any CPU
		{13508B45-3951-4DB2-9DAB-57C47400A4F7}.Release|Any CPU.Build.0 = Release|Any CPU
		{C2056A16-A6C8-4E3A-84F2-EA6A20819387}.Debug|Any CPU.ActiveCfg = Debug|Any CPU
		{C2056A16-A6C8-4E3A-84F2-EA6A20819387}.Debug|Any CPU.Build.0 = Debug|Any CPU
		{C2056A16-A6C8-4E3A-84F2-EA6A20819387}.Release|Any CPU.ActiveCfg = Release|Any CPU
		{C2056A16-A6C8-4E3A-84F2-EA6A20819387}.Release|Any CPU.Build.0 = Release|Any CPU
		{CE0563F6-7803-4545-8618-94154DC5F489}.Debug|Any CPU.ActiveCfg = Debug|Any CPU
		{CE0563F6-7803-4545-8618-94154DC5F489}.Debug|Any CPU.Build.0 = Debug|Any CPU
		{CE0563F6-7803-4545-8618-94154DC5F489}.Release|Any CPU.ActiveCfg = Release|Any CPU
		{CE0563F6-7803-4545-8618-94154DC5F489}.Release|Any CPU.Build.0 = Release|Any CPU
		{7AD5D455-210E-4627-8B63-84ACECFF2C09}.Debug|Any CPU.ActiveCfg = Debug|Any CPU
		{7AD5D455-210E-4627-8B63-84ACECFF2C09}.Debug|Any CPU.Build.0 = Debug|Any CPU
		{7AD5D455-210E-4627-8B63-84ACECFF2C09}.Release|Any CPU.ActiveCfg = Release|Any CPU
		{7AD5D455-210E-4627-8B63-84ACECFF2C09}.Release|Any CPU.Build.0 = Release|Any CPU
		{D79910C7-CC07-46A7-9FAC-85097A926474}.Debug|Any CPU.ActiveCfg = Debug|Any CPU
		{D79910C7-CC07-46A7-9FAC-85097A926474}.Debug|Any CPU.Build.0 = Debug|Any CPU
		{D79910C7-CC07-46A7-9FAC-85097A926474}.Release|Any CPU.ActiveCfg = Release|Any CPU
		{D79910C7-CC07-46A7-9FAC-85097A926474}.Release|Any CPU.Build.0 = Release|Any CPU
		{F391AFCC-6BD2-4E62-9FBC-8477BB21CEC9}.Debug|Any CPU.ActiveCfg = Debug|Any CPU
		{F391AFCC-6BD2-4E62-9FBC-8477BB21CEC9}.Debug|Any CPU.Build.0 = Debug|Any CPU
		{F391AFCC-6BD2-4E62-9FBC-8477BB21CEC9}.Release|Any CPU.ActiveCfg = Release|Any CPU
		{F391AFCC-6BD2-4E62-9FBC-8477BB21CEC9}.Release|Any CPU.Build.0 = Release|Any CPU
		{FB3D0D90-FDD6-4FF0-9C58-40283038A470}.Debug|Any CPU.ActiveCfg = Debug|Any CPU
		{FB3D0D90-FDD6-4FF0-9C58-40283038A470}.Debug|Any CPU.Build.0 = Debug|Any CPU
		{FB3D0D90-FDD6-4FF0-9C58-40283038A470}.Release|Any CPU.ActiveCfg = Release|Any CPU
		{FB3D0D90-FDD6-4FF0-9C58-40283038A470}.Release|Any CPU.Build.0 = Release|Any CPU
		{5B21B997-ADDC-4963-BAB5-C92DFA7EB8A8}.Debug|Any CPU.ActiveCfg = Debug|Any CPU
		{5B21B997-ADDC-4963-BAB5-C92DFA7EB8A8}.Debug|Any CPU.Build.0 = Debug|Any CPU
		{5B21B997-ADDC-4963-BAB5-C92DFA7EB8A8}.Release|Any CPU.ActiveCfg = Release|Any CPU
		{5B21B997-ADDC-4963-BAB5-C92DFA7EB8A8}.Release|Any CPU.Build.0 = Release|Any CPU
		{574D3BFB-498F-4BF3-BBCE-2735C9EFFFD4}.Debug|Any CPU.ActiveCfg = Debug|Any CPU
		{574D3BFB-498F-4BF3-BBCE-2735C9EFFFD4}.Debug|Any CPU.Build.0 = Debug|Any CPU
		{574D3BFB-498F-4BF3-BBCE-2735C9EFFFD4}.Release|Any CPU.ActiveCfg = Release|Any CPU
		{574D3BFB-498F-4BF3-BBCE-2735C9EFFFD4}.Release|Any CPU.Build.0 = Release|Any CPU
		{453E33DE-EFE8-47D2-B5DF-D30E7AF81D95}.Debug|Any CPU.ActiveCfg = Debug|Any CPU
		{453E33DE-EFE8-47D2-B5DF-D30E7AF81D95}.Debug|Any CPU.Build.0 = Debug|Any CPU
		{453E33DE-EFE8-47D2-B5DF-D30E7AF81D95}.Release|Any CPU.ActiveCfg = Release|Any CPU
		{453E33DE-EFE8-47D2-B5DF-D30E7AF81D95}.Release|Any CPU.Build.0 = Release|Any CPU
	EndGlobalSection
EndGlobal
